
Microsoft Visual Studio Solution File, Format Version 12.00
# Visual Studio 15
VisualStudioVersion = 15.0.27004.2005
MinimumVisualStudioVersion = 10.0.40219.1
Project("{8BC9CEB8-8B4A-11D0-8D11-00A0C91BC942}") = "Project1", "Project1\Project1.vcxproj", "{4785DBF1-AFA2-48D7-81D6-D30B66586526}"
EndProject
Global
	GlobalSection(SolutionConfigurationPlatforms) = preSolution
		Debug|x64 = Debug|x64
		Debug|x86 = Debug|x86
		Release|x64 = Release|x64
		Release|x86 = Release|x86
	EndGlobalSection
	GlobalSection(ProjectConfigurationPlatforms) = postSolution
		{4785DBF1-AFA2-48D7-81D6-D30B66586526}.Debug|x64.ActiveCfg = Debug|x64
		{4785DBF1-AFA2-48D7-81D6-D30B66586526}.Debug|x64.Build.0 = Debug|x64
		{4785DBF1-AFA2-48D7-81D6-D30B66586526}.Debug|x86.ActiveCfg = Debug|Win32
		{4785DBF1-AFA2-48D7-81D6-D30B66586526}.Debug|x86.Build.0 = Debug|Win32
		{4785DBF1-AFA2-48D7-81D6-D30B66586526}.Release|x64.ActiveCfg = Release|x64
		{4785DBF1-AFA2-48D7-81D6-D30B66586526}.Release|x64.Build.0 = Release|x64
		{4785DBF1-AFA2-48D7-81D6-D30B66586526}.Release|x86.ActiveCfg = Release|Win32
		{4785DBF1-AFA2-48D7-81D6-D30B66586526}.Release|x86.Build.0 = Release|Win32
	EndGlobalSection
	GlobalSection(SolutionProperties) = preSolution
		HideSolutionNode = FALSE
	EndGlobalSection
	GlobalSection(ExtensibilityGlobals) = postSolution
		SolutionGuid = {F4263D0A-EEF7-4FB9-B042-8BD1E75F1199}
	EndGlobalSection
EndGlobal
